
Microsoft Visual Studio Solution File, Format Version 12.00
# Visual Studio Version 16
VisualStudioVersion = 16.0.29613.14
MinimumVisualStudioVersion = 10.0.40219.1
Project("{FAE04EC0-301F-11D3-BF4B-00C04F79EFBC}") = "EndlessEngine", "EndlessEngine\EndlessEngine.csproj", "{D65C8AFE-A51B-4BF2-A16B-02CF6F391CE8}"
EndProject
Global
	GlobalSection(SolutionConfigurationPlatforms) = preSolution
		Debug|Any CPU = Debug|Any CPU
		Release|Any CPU = Release|Any CPU
	EndGlobalSection
	GlobalSection(ProjectConfigurationPlatforms) = postSolution
		{D65C8AFE-A51B-4BF2-A16B-02CF6F391CE8}.Debug|Any CPU.ActiveCfg = Debug|Any CPU
		{D65C8AFE-A51B-4BF2-A16B-02CF6F391CE8}.Debug|Any CPU.Build.0 = Debug|Any CPU
		{D65C8AFE-A51B-4BF2-A16B-02CF6F391CE8}.Release|Any CPU.ActiveCfg = Release|Any CPU
		{D65C8AFE-A51B-4BF2-A16B-02CF6F391CE8}.Release|Any CPU.Build.0 = Release|Any CPU
	EndGlobalSection
	GlobalSection(SolutionProperties) = preSolution
		HideSolutionNode = FALSE
	EndGlobalSection
	GlobalSection(ExtensibilityGlobals) = postSolution
		SolutionGuid = {C04764E6-E044-4454-AB61-2F58C67C2D9E}
	EndGlobalSection
EndGlobal
